# generated by rye
# use `rye lock` or `rye sync` to update this lockfile
#
# last locked with the following flags:
#   pre: false
#   features: []
#   all-features: false
#   with-sources: false

-e file:.
alabaster==0.7.13
    # via sphinx
attrs==23.2.0
    # via pinttrs
babel==2.14.0
    # via sphinx
beautifulsoup4==4.12.3
    # via furo
certifi==2024.2.2
    # via requests
charset-normalizer==3.3.2
    # via requests
colorama==0.4.6
    # via sphinx-autobuild
coverage==7.4.3
    # via pytest-cov
docutils==0.20.1
    # via myst-parser
    # via sphinx
exceptiongroup==1.2.0
    # via pytest
execnet==2.0.2
    # via pytest-xdist
furo==2024.1.29
idna==3.6
    # via requests
imagesize==1.4.1
    # via sphinx
importlib-metadata==7.0.1
    # via sphinx
iniconfig==2.0.0
    # via pytest
jinja2==3.1.3
    # via myst-parser
    # via sphinx
livereload==2.6.3
    # via sphinx-autobuild
markdown-it-py==3.0.0
    # via mdit-py-plugins
    # via myst-parser
markupsafe==2.1.5
    # via jinja2
mdit-py-plugins==0.4.0
    # via myst-parser
mdurl==0.1.2
    # via markdown-it-py
myst-parser==2.0.0
packaging==23.2
    # via pytest
    # via sphinx
pint==0.21.1
    # via pinttrs
pluggy==1.4.0
    # via pytest
pygments==2.17.2
    # via furo
    # via sphinx
pytest==8.0.1
    # via pytest-cov
    # via pytest-xdist
pytest-cov==4.1.0
pytest-xdist==3.5.0
pytz==2024.1
    # via babel
pyyaml==6.0.1
    # via myst-parser
requests==2.31.0
    # via sphinx
setuptools==69.1.1
six==1.16.0
    # via livereload
snowballstemmer==2.2.0
    # via sphinx
soupsieve==2.5
    # via beautifulsoup4
sphinx==7.1.2
    # via furo
    # via myst-parser
    # via sphinx-autobuild
    # via sphinx-autodoc-typehints
    # via sphinx-basic-ng
    # via sphinx-copybutton
sphinx-autobuild==2021.3.14
sphinx-autodoc-typehints==2.0.0
sphinx-basic-ng==1.0.0b2
    # via furo
sphinx-copybutton==0.5.2
sphinxcontrib-applehelp==1.0.4
    # via sphinx
sphinxcontrib-devhelp==1.0.2
    # via sphinx
sphinxcontrib-htmlhelp==2.0.1
    # via sphinx
sphinxcontrib-jsmath==1.0.1
    # via sphinx
sphinxcontrib-qthelp==1.0.3
    # via sphinx
sphinxcontrib-serializinghtml==1.1.5
    # via sphinx
tomli==2.0.1
    # via coverage
    # via pytest
tornado==6.4
    # via livereload
urllib3==2.2.1
    # via requests
xdoctest==1.1.3
zipp==3.17.0
    # via importlib-metadata
