# platform: osx-64
# env_hash: 1f0475ab50d2c6ccbed649ed3790e479cea80b7c3c20f6a3aef0714ca42af58a
@EXPLICIT
https://conda.anaconda.org/conda-forge/osx-64/ca-certificates-2020.12.5-h033912b_0.tar.bz2#4483d8ea13bd57b52e3539e741501a7d
https://conda.anaconda.org/conda-forge/osx-64/libcxx-11.0.1-habf9029_0.tar.bz2#51c221f12b7975d60dae27cd8280efac
https://conda.anaconda.org/conda-forge/osx-64/ncurses-6.2-h2e338ed_4.tar.bz2#9cef1910395d1543527583e73dba30f1
https://conda.anaconda.org/conda-forge/osx-64/xz-5.2.5-haf1e3a3_1.tar.bz2#41116deb499e9bc58048c297d6403ce6
https://conda.anaconda.org/conda-forge/osx-64/yaml-0.2.5-haf1e3a3_0.tar.bz2#84c2fc186995c25a43e86ed708065572
https://conda.anaconda.org/conda-forge/osx-64/zlib-1.2.11-h7795811_1010.tar.bz2#7d39e47e16ed0107f37c7224d5b5be8b
https://conda.anaconda.org/conda-forge/osx-64/libffi-3.3-h046ec9c_2.tar.bz2#c7a196accaf92d40985d5c9b4d14f9cb
https://conda.anaconda.org/conda-forge/osx-64/openssl-1.1.1i-h35c211d_0.tar.bz2#f26df9ccde4b41ff4d2b18c83c4d0fd3
https://conda.anaconda.org/conda-forge/osx-64/readline-8.0-h0678c8f_2.tar.bz2#8f69d684fce8e73328995d7efb77816a
https://conda.anaconda.org/conda-forge/osx-64/tk-8.6.10-h0419947_1.tar.bz2#9a79a432473acddd936ff8bab8b86145
https://conda.anaconda.org/conda-forge/osx-64/sqlite-3.34.0-h17101e1_0.tar.bz2#9e9694f119bb1a2362a0cc0249651835
https://conda.anaconda.org/conda-forge/osx-64/python-3.6.12-h6c3b2c9_0_cpython.tar.bz2#fe648e96b9f667eacda192e4ff5c6e6c
https://conda.anaconda.org/conda-forge/noarch/alabaster-0.7.12-py_0.tar.bz2#2489a97287f90176ecdc3ca982b4b0a0
https://conda.anaconda.org/conda-forge/noarch/appdirs-1.4.4-pyh9f0ad1d_0.tar.bz2#5f095bc6454094e96f146491fd03633b
https://conda.anaconda.org/conda-forge/noarch/attrs-20.3.0-pyhd3deb0d_0.tar.bz2#5b319abb055eefcfa344bc21378ca23f
https://conda.anaconda.org/conda-forge/noarch/click-7.1.2-pyh9f0ad1d_0.tar.bz2#bd50a970ce07e660c319fdc4d730d3f1
https://conda.anaconda.org/conda-forge/noarch/colorama-0.4.4-pyh9f0ad1d_0.tar.bz2#c08b4c1326b880ed44f3ffb04803332f
https://conda.anaconda.org/conda-forge/noarch/dataclasses-0.7-pyhe4b4509_6.tar.bz2#e592a6fba1b6f333ee5e22ab67c4d167
https://conda.anaconda.org/conda-forge/noarch/filelock-3.0.12-pyh9f0ad1d_0.tar.bz2#7544ed05bbbe9bb687bc9bcbe4d6cb46
https://conda.anaconda.org/conda-forge/noarch/idna-2.10-pyh9f0ad1d_0.tar.bz2#f95a12b4f435aae6680fe55ae2eb1b06
https://conda.anaconda.org/conda-forge/noarch/imagesize-1.2.0-py_0.tar.bz2#5879bd2c4b399a5072468e5fe587bf1b
https://conda.anaconda.org/conda-forge/noarch/iniconfig-1.1.1-pyh9f0ad1d_0.tar.bz2#39161f81cc5e5ca45b8226fbb06c6905
https://conda.anaconda.org/conda-forge/noarch/more-itertools-8.6.0-pyhd8ed1ab_0.tar.bz2#980af7a97980ad4cc867b3c1fad782e7
https://conda.anaconda.org/conda-forge/noarch/pathspec-0.8.1-pyhd3deb0d_0.tar.bz2#fcd2fbb062b55d14a77e664c89ee17a6
https://conda.anaconda.org/conda-forge/noarch/py-1.10.0-pyhd3deb0d_0.tar.bz2#88ca1328ecc79a070214aa24911bace8
https://conda.anaconda.org/conda-forge/noarch/pycparser-2.20-pyh9f0ad1d_2.tar.bz2#aa798d50ffd182a0f6f31478c7f434f6
https://conda.anaconda.org/conda-forge/noarch/pyparsing-2.4.7-pyh9f0ad1d_0.tar.bz2#626c4f20d5bf06dcec9cf2eaa31725c7
https://conda.anaconda.org/conda-forge/osx-64/python_abi-3.6-1_cp36m.tar.bz2#b5288c464326cc7a5827251344e5098f
https://conda.anaconda.org/conda-forge/noarch/pytz-2020.5-pyhd8ed1ab_0.tar.bz2#9dbafab7fbbc1ef46a60858fb6320d8a
https://conda.anaconda.org/conda-forge/noarch/six-1.15.0-pyh9f0ad1d_0.tar.bz2#1eec421f0f1f39e579e44e4a5ce646a2
https://conda.anaconda.org/conda-forge/noarch/snowballstemmer-2.1.0-pyhd8ed1ab_0.tar.bz2#f1d64c0cf0eedf655a96ccdc1573c05a
https://conda.anaconda.org/conda-forge/noarch/soupsieve-2.0.1-py_1.tar.bz2#aa1db70848c19bace567ba39a157f508
https://conda.anaconda.org/conda-forge/noarch/sphinxcontrib-applehelp-1.0.2-py_0.tar.bz2#20b2eaeaeea4ef9a9a0d99770620fd09
https://conda.anaconda.org/conda-forge/noarch/sphinxcontrib-devhelp-1.0.2-py_0.tar.bz2#68e01cac9d38d0e717cd5c87bc3d2cc9
https://conda.anaconda.org/conda-forge/noarch/sphinxcontrib-htmlhelp-1.0.3-py_0.tar.bz2#4508a40465ebf0105e52f7194f299411
https://conda.anaconda.org/conda-forge/noarch/sphinxcontrib-jsmath-1.0.1-py_0.tar.bz2#67cd9d9c0382d37479b4d306c369a2d4
https://conda.anaconda.org/conda-forge/noarch/sphinxcontrib-qthelp-1.0.3-py_0.tar.bz2#d01180388e6d1838c3e1ad029590aa7a
https://conda.anaconda.org/conda-forge/noarch/sphinxcontrib-serializinghtml-1.1.4-py_0.tar.bz2#8ea6a8036e28dba8827d35c764709358
https://conda.anaconda.org/conda-forge/noarch/toml-0.10.2-pyhd8ed1ab_0.tar.bz2#f832c45a477c78bebd107098db465095
https://conda.anaconda.org/conda-forge/noarch/typing_extensions-3.7.4.3-py_0.tar.bz2#12b96e382730541a4b332420227055ae
https://conda.anaconda.org/conda-forge/noarch/wheel-0.36.2-pyhd3deb0d_0.tar.bz2#768bfbe026426d0e76b377997d1f2b98
https://conda.anaconda.org/conda-forge/noarch/zipp-3.4.0-py_0.tar.bz2#0df927d2e46244cef8fd75d7ec2ba51c
https://conda.anaconda.org/conda-forge/noarch/babel-2.9.0-pyhd3deb0d_0.tar.bz2#1cb532c9a6fd4e56a9f0906b87c17b76
https://conda.anaconda.org/conda-forge/noarch/beautifulsoup4-4.9.3-pyhb0f4dca_0.tar.bz2#d243a293d7303ab6195d96ce8c16b1cb
https://conda.anaconda.org/conda-forge/osx-64/certifi-2020.12.5-py36h79c6626_1.tar.bz2#be73dcfa031097e831334929c9a510fc
https://conda.anaconda.org/conda-forge/osx-64/cffi-1.14.4-py36hfe0777f_1.tar.bz2#292b90dba767fca5e0f516252d7e45d6
https://conda.anaconda.org/conda-forge/osx-64/chardet-4.0.0-py36h79c6626_1.tar.bz2#9d108a47b52b3a9960e95ee4cb4d7bd6
https://conda.anaconda.org/conda-forge/noarch/click-default-group-1.2.1-py_0.tar.bz2#64a66d3d4db54208496c4e2fa822eeee
https://conda.anaconda.org/conda-forge/osx-64/coverage-5.3.1-py36h20b66c6_1.tar.bz2#4879f5d966f4aba6cc1131568bc595f6
https://conda.anaconda.org/conda-forge/osx-64/docutils-0.16-py36h79c6626_3.tar.bz2#603b6a69870cc4bf4ab1323d3312042a
https://conda.anaconda.org/conda-forge/osx-64/importlib-metadata-3.4.0-py36h79c6626_0.tar.bz2#029ce93aba6ed4dff47996ed3092b016
https://conda.anaconda.org/conda-forge/osx-64/markupsafe-1.1.1-py36h20b66c6_3.tar.bz2#909cb4bd3736e03d9813f124f86a76f1
https://conda.anaconda.org/conda-forge/osx-64/mypy_extensions-0.4.3-py36h79c6626_3.tar.bz2#19738508f85a27121a90b081563c8d8a
https://conda.anaconda.org/conda-forge/noarch/packaging-20.8-pyhd3deb0d_0.tar.bz2#1e483acb0f72b1611b50942458720169
https://conda.anaconda.org/conda-forge/osx-64/pysocks-1.7.1-py36h79c6626_3.tar.bz2#82c5d8e513559c97364e1c0e676cf83a
https://conda.anaconda.org/conda-forge/osx-64/pyyaml-5.4.1-py36h20b66c6_0.tar.bz2#271bdcfe208b523b9ae61d80576decd4
https://conda.anaconda.org/conda-forge/osx-64/regex-2020.11.13-py36h20b66c6_1.tar.bz2#336d6f0535d4dc57fc1b046c38a92547
https://conda.anaconda.org/conda-forge/osx-64/ruamel.yaml.clib-0.2.2-py36h20b66c6_2.tar.bz2#e8a1fb7769809428bac40ec8a19e245c
https://conda.anaconda.org/conda-forge/osx-64/typed-ast-1.4.2-py36h20b66c6_0.tar.bz2#d4954cd0c1886f8cc5b4f58b13b1644a
https://conda.anaconda.org/conda-forge/noarch/black-20.8b1-py_1.tar.bz2#e555d6b71ec916c3dc4e6e3793cc9796
https://conda.anaconda.org/conda-forge/osx-64/brotlipy-0.7.0-py36h20b66c6_1001.tar.bz2#56def337de5d735a48727984db8440e1
https://conda.anaconda.org/conda-forge/osx-64/cryptography-3.3.1-py36hd858a44_1.tar.bz2#81296d1431521974bf855b0e103f9981
https://conda.anaconda.org/conda-forge/noarch/importlib_metadata-3.4.0-hd8ed1ab_0.tar.bz2#6d962cade0658bb1040a3e994add14e0
https://conda.anaconda.org/conda-forge/osx-64/setuptools-49.6.0-py36h79c6626_3.tar.bz2#47c2e464861798d6ce4422f76ce3ea5f
https://conda.anaconda.org/conda-forge/osx-64/importlib_resources-5.1.0-py36h79c6626_0.tar.bz2#8dd5a9c506de0c82c411b9ebb44e7f31
https://conda.anaconda.org/conda-forge/noarch/jinja2-2.11.2-pyh9f0ad1d_0.tar.bz2#e8a5d614d1a27bdba00059ca062a0551
https://conda.anaconda.org/conda-forge/noarch/pip-21.0-pyhd8ed1ab_0.tar.bz2#dfb99734911ef619b4d4be1748534c8c
https://conda.anaconda.org/conda-forge/osx-64/pluggy-0.13.1-py36h79c6626_4.tar.bz2#ddab5fdb94e1349e994046b3aa761497
https://conda.anaconda.org/conda-forge/noarch/pygments-2.7.4-pyhd8ed1ab_0.tar.bz2#d162b2e135758c51410bacfa6f5ef5bb
https://conda.anaconda.org/conda-forge/noarch/pyopenssl-20.0.1-pyhd8ed1ab_0.tar.bz2#92371c25994d0f5d28a01c1fb75ebf86
https://conda.anaconda.org/conda-forge/osx-64/ruamel.yaml-0.16.12-py36h20b66c6_2.tar.bz2#9fca1aa548708626fb2ceace2dc795d4
https://conda.anaconda.org/conda-forge/noarch/pint-0.16.1-py_0.tar.bz2#3a147e648229168687fa22d309faa6fb
https://conda.anaconda.org/conda-forge/noarch/pip-tools-5.5.0-pyhd8ed1ab_0.tar.bz2#8f41a0cc9c5be7a5a7ea01a08ac6d36c
https://conda.anaconda.org/conda-forge/osx-64/pytest-6.2.1-py36h79c6626_1.tar.bz2#84d1b1e84947d710053abedeb48cc85f
https://conda.anaconda.org/conda-forge/noarch/urllib3-1.26.2-pyhd8ed1ab_0.tar.bz2#8bb930d172961c9ba9ffd6e10a64b844
https://conda.anaconda.org/conda-forge/noarch/requests-2.25.1-pyhd3deb0d_0.tar.bz2#ae687aba31a1c400192a86a2e993ffdc
https://conda.anaconda.org/conda-forge/noarch/ensureconda-1.4.1-pyhd8ed1ab_0.tar.bz2#52a7f7cc9076e2c8a25e15e19ad42821
https://conda.anaconda.org/conda-forge/noarch/sphinx-3.4.3-pyhd8ed1ab_0.tar.bz2#159479e039e2739601b295565321db15
https://conda.anaconda.org/conda-forge/noarch/conda-lock-0.8.0-pyhd8ed1ab_0.tar.bz2#1258c98fb0bb0b9171b8150e259535b8
https://conda.anaconda.org/conda-forge/noarch/sphinx-inline-tabs-2020.10.19b4-pyhd8ed1ab_0.tar.bz2#2943e406dbebee36df4129376ef6e515
https://conda.anaconda.org/conda-forge/noarch/furo-2020.12.30b24-pyhd8ed1ab_1.tar.bz2#50a55d9ce1c95d140a40ce28ed757e22
https://conda.anaconda.org/conda-forge/noarch/markdown-it-py-0.6.1-pyhd8ed1ab_0.tar.bz2#72163f06d1368364478f23a6b5ae2c82
https://conda.anaconda.org/conda-forge/noarch/mdit-py-plugins-0.2.4-pyhd8ed1ab_0.tar.bz2#db5bd6b35278d1691507d20f49aa48c3
https://conda.anaconda.org/conda-forge/noarch/myst-parser-0.13.3-pyhd8ed1ab_0.tar.bz2#585682747671247356213df78b034ff4
