# Generated by conda-lock.
# platform: win-64
# input_hash: 049195351d2e360f1438e818c9efb4da1be5c623fdaaf84851447a6aba7a2b44
@EXPLICIT
https://conda.anaconda.org/conda-forge/win-64/ca-certificates-2021.10.8-h5b45459_0.tar.bz2#2ddd48c9b52f7f65361b9645b2c5d370
https://conda.anaconda.org/conda-forge/noarch/tzdata-2021e-he74cb21_0.tar.bz2#a751ec502589ebdc2eceb183ff602569
https://conda.anaconda.org/conda-forge/win-64/ucrt-10.0.20348.0-h57928b3_0.tar.bz2#6d666b6ea8251231ff508062d1e41f9c
https://conda.anaconda.org/conda-forge/win-64/vs2015_runtime-14.29.30037-h902a5da_5.tar.bz2#9d806b41066c34981a5da22bfeffd8e8
https://conda.anaconda.org/conda-forge/win-64/vc-14.2-hb210afc_5.tar.bz2#ee42529d57c3b455d9fec61e912aa2a6
https://conda.anaconda.org/conda-forge/win-64/bzip2-1.0.8-h8ffe710_4.tar.bz2#7c03c66026944073040cb19a4f3ec3c9
https://conda.anaconda.org/conda-forge/win-64/libffi-3.4.2-h8ffe710_5.tar.bz2#2c96d1b6915b408893f9472569dee135
https://conda.anaconda.org/conda-forge/win-64/libzlib-1.2.11-h8ffe710_1013.tar.bz2#b28dd2488b4e5f892c67071acc1d0a8c
https://conda.anaconda.org/conda-forge/win-64/openssl-1.1.1l-h8ffe710_0.tar.bz2#07747b2557a7f795585b118bb4f186de
https://conda.anaconda.org/conda-forge/win-64/sqlite-3.37.0-h8ffe710_0.tar.bz2#cc2d704449f994c1aa422a5a1cd8a64e
https://conda.anaconda.org/conda-forge/win-64/tk-8.6.11-h8ffe710_1.tar.bz2#fd3c141a1ed5a77e5813795950fb7395
https://conda.anaconda.org/conda-forge/win-64/xz-5.2.5-h62dcd97_1.tar.bz2#eabcbfedd14d7c18a514afca09ea0ebb
https://conda.anaconda.org/conda-forge/win-64/yaml-0.2.5-he774522_0.tar.bz2#d41c34441d8bbb6d141e691ae7bccf35
https://conda.anaconda.org/conda-forge/win-64/python-3.10.0-h9a09f29_3_cpython.tar.bz2#4cb1458654b51f08411d3f56be0bdeec
https://conda.anaconda.org/conda-forge/noarch/alabaster-0.7.12-py_0.tar.bz2#2489a97287f90176ecdc3ca982b4b0a0
https://conda.anaconda.org/conda-forge/noarch/atomicwrites-1.4.0-pyh9f0ad1d_0.tar.bz2#5e36230ffaf3b7bb599424592684ae53
https://conda.anaconda.org/conda-forge/noarch/attrs-21.2.0-pyhd8ed1ab_0.tar.bz2#d2e1c7f388ac403df7079b411c37cc50
https://conda.anaconda.org/conda-forge/noarch/charset-normalizer-2.0.8-pyhd8ed1ab_0.tar.bz2#7bc3465ff423c243bf8b2e77c5075bc7
https://conda.anaconda.org/conda-forge/noarch/colorama-0.4.4-pyh9f0ad1d_0.tar.bz2#c08b4c1326b880ed44f3ffb04803332f
https://conda.anaconda.org/conda-forge/noarch/idna-3.1-pyhd3deb0d_0.tar.bz2#9c9aea4b8391264477df484f798562d0
https://conda.anaconda.org/conda-forge/noarch/imagesize-1.3.0-pyhd8ed1ab_0.tar.bz2#be807e7606fff9436e5e700f6bffb7c6
https://conda.anaconda.org/conda-forge/noarch/iniconfig-1.1.1-pyh9f0ad1d_0.tar.bz2#39161f81cc5e5ca45b8226fbb06c6905
https://conda.anaconda.org/conda-forge/noarch/more-itertools-8.12.0-pyhd8ed1ab_0.tar.bz2#1338809c9c8e56f1b6f69d4b8e0ed7f7
https://conda.anaconda.org/conda-forge/noarch/py-1.11.0-pyh6c4a22f_0.tar.bz2#b4613d7e7a493916d867842a6a148054
https://conda.anaconda.org/conda-forge/noarch/pycparser-2.21-pyhd8ed1ab_0.tar.bz2#076becd9e05608f8dc72757d5f3a91ff
https://conda.anaconda.org/conda-forge/noarch/pyparsing-3.0.6-pyhd8ed1ab_0.tar.bz2#3087df8c636c5a00e694605c39ce4982
https://conda.anaconda.org/conda-forge/win-64/python_abi-3.10-2_cp310.tar.bz2#aaa900b98edb2e67106b461ff365ba57
https://conda.anaconda.org/conda-forge/noarch/pytz-2021.3-pyhd8ed1ab_0.tar.bz2#7e4f811bff46a5a6a7e0094921389395
https://conda.anaconda.org/conda-forge/noarch/six-1.16.0-pyh6c4a22f_0.tar.bz2#e5f25f8dbc060e9a8d912e432202afc2
https://conda.anaconda.org/conda-forge/noarch/snowballstemmer-2.2.0-pyhd8ed1ab_0.tar.bz2#4d22a9315e78c6827f806065957d566e
https://conda.anaconda.org/conda-forge/noarch/soupsieve-2.3-pyhd8ed1ab_0.tar.bz2#307ab6487e2d45d59a27baf949466db4
https://conda.anaconda.org/conda-forge/noarch/sphinxcontrib-applehelp-1.0.2-py_0.tar.bz2#20b2eaeaeea4ef9a9a0d99770620fd09
https://conda.anaconda.org/conda-forge/noarch/sphinxcontrib-devhelp-1.0.2-py_0.tar.bz2#68e01cac9d38d0e717cd5c87bc3d2cc9
https://conda.anaconda.org/conda-forge/noarch/sphinxcontrib-htmlhelp-2.0.0-pyhd8ed1ab_0.tar.bz2#77dad82eb9c8c1525ff7953e0756d708
https://conda.anaconda.org/conda-forge/noarch/sphinxcontrib-jsmath-1.0.1-py_0.tar.bz2#67cd9d9c0382d37479b4d306c369a2d4
https://conda.anaconda.org/conda-forge/noarch/sphinxcontrib-qthelp-1.0.3-py_0.tar.bz2#d01180388e6d1838c3e1ad029590aa7a
https://conda.anaconda.org/conda-forge/noarch/toml-0.10.2-pyhd8ed1ab_0.tar.bz2#f832c45a477c78bebd107098db465095
https://conda.anaconda.org/conda-forge/noarch/tomli-1.2.2-pyhd8ed1ab_0.tar.bz2#1c8a2f9ea18c267414e244cee668cd00
https://conda.anaconda.org/conda-forge/noarch/typing_extensions-4.0.0-pyha770c72_0.tar.bz2#867353d58b5967a994dd3cec85166ad8
https://conda.anaconda.org/conda-forge/noarch/wheel-0.37.0-pyhd8ed1ab_1.tar.bz2#3aa2c3e25dd361b453d010388b9cdff1
https://conda.anaconda.org/conda-forge/noarch/zipp-3.6.0-pyhd8ed1ab_0.tar.bz2#855e2c4622f5eb50a4f6f7167b9ba17a
https://conda.anaconda.org/conda-forge/noarch/babel-2.9.1-pyh44b312d_0.tar.bz2#74136ed39bfea0832d338df1e58d013e
https://conda.anaconda.org/conda-forge/noarch/beautifulsoup4-4.10.0-pyha770c72_0.tar.bz2#c29e0b4a2ff546cedbe6dc2921948a1d
https://conda.anaconda.org/conda-forge/win-64/certifi-2021.10.8-py310h5588dad_1.tar.bz2#d54dc314d865498a7349f4ebe35448a6
https://conda.anaconda.org/conda-forge/win-64/cffi-1.15.0-py310hcbf9ad4_0.tar.bz2#ffea8be6c3b061eb7361a8686af44861
https://conda.anaconda.org/conda-forge/win-64/coverage-6.1.2-py310he2412df_0.tar.bz2#35eb16675c16dd9bc750fb1908698258
https://conda.anaconda.org/conda-forge/win-64/docutils-0.17.1-py310h5588dad_1.tar.bz2#7d2f1b2cd46fe267f15f579e897e680e
https://conda.anaconda.org/conda-forge/win-64/importlib-metadata-4.8.2-py310h5588dad_0.tar.bz2#5c4240bd77653f47245918028d503526
https://conda.anaconda.org/conda-forge/noarch/markdown-it-py-1.1.0-pyhd8ed1ab_0.tar.bz2#84e8dfb1a9e6a824f32fd45b867271ca
https://conda.anaconda.org/conda-forge/win-64/markupsafe-2.0.1-py310he2412df_1.tar.bz2#b4da490d6d77767dd98e58d0dd3858e0
https://conda.anaconda.org/conda-forge/noarch/packaging-21.3-pyhd8ed1ab_0.tar.bz2#71f1ab2de48613876becddd496371c85
https://conda.anaconda.org/conda-forge/win-64/pluggy-1.0.0-py310h5588dad_2.tar.bz2#450125d98e2118237d0154922b7629da
https://conda.anaconda.org/conda-forge/win-64/pyyaml-6.0-py310he2412df_3.tar.bz2#e9d0119d704abafde3ed6a0df854fc92
https://conda.anaconda.org/conda-forge/win-64/setuptools-59.2.0-py310h5588dad_0.tar.bz2#cf6e301ffec14c483f442731b99eedbf
https://conda.anaconda.org/conda-forge/win-64/win_inet_pton-1.1.0-py310h5588dad_3.tar.bz2#076952825d5d17d31200c148f03ebe2b
https://conda.anaconda.org/conda-forge/win-64/brotlipy-0.7.0-py310he2412df_1003.tar.bz2#87576e9f785509ab8c09f2b87c7035ab
https://conda.anaconda.org/conda-forge/win-64/cryptography-36.0.0-py310ha857299_0.tar.bz2#731ce7f3a2b9da39a7f3f034248e5ad3
https://conda.anaconda.org/conda-forge/noarch/importlib_metadata-4.8.2-hd8ed1ab_0.tar.bz2#4fcc9776fdf4c35c5a10662bbbd21a61
https://conda.anaconda.org/conda-forge/noarch/jinja2-3.0.3-pyhd8ed1ab_0.tar.bz2#036d872c653780cb26e797e2e2f61b4c
https://conda.anaconda.org/conda-forge/noarch/mdit-py-plugins-0.2.8-pyhd8ed1ab_0.tar.bz2#49236fcd746a124eb56d326f79e1d46d
https://conda.anaconda.org/conda-forge/noarch/pip-21.3.1-pyhd8ed1ab_0.tar.bz2#e4fe2a9af78ff11f1aced7e62128c6a8
https://conda.anaconda.org/conda-forge/noarch/pygments-2.10.0-pyhd8ed1ab_0.tar.bz2#32bcce837f1316f1c3208118b6c5e5fc
https://conda.anaconda.org/conda-forge/win-64/pysocks-1.7.1-py310h5588dad_4.tar.bz2#1a6a04ff640bddc94b0db9294ea5de01
https://conda.anaconda.org/conda-forge/win-64/pytest-6.2.5-py310h5588dad_1.tar.bz2#15379b9f9a9dd8b23cdb82c3f94a13ae
https://conda.anaconda.org/conda-forge/noarch/pint-0.18-pyhd8ed1ab_0.tar.bz2#c6f17ed0b49bef3ae096a15dee5f47d5
https://conda.anaconda.org/conda-forge/noarch/pyopenssl-21.0.0-pyhd8ed1ab_0.tar.bz2#8c49efecb7dca466e18b06015e8c88ce
https://conda.anaconda.org/conda-forge/noarch/pytest-cov-3.0.0-pyhd8ed1ab_0.tar.bz2#0f7cac11bb696b62d378bde725bfc3eb
https://conda.anaconda.org/conda-forge/noarch/urllib3-1.26.7-pyhd8ed1ab_0.tar.bz2#be75bab4820a56f77ba1a3fc9139c36a
https://conda.anaconda.org/conda-forge/noarch/requests-2.26.0-pyhd8ed1ab_1.tar.bz2#358581cc782802270d77c454c73a811a
https://conda.anaconda.org/conda-forge/noarch/codecov-2.1.11-pyhd3deb0d_0.tar.bz2#9c661c2c14b4667827218402e6624ad5
https://conda.anaconda.org/conda-forge/noarch/myst-parser-0.15.2-pyhd8ed1ab_0.tar.bz2#0c2976e0a1af80ce224388da557eeece
https://conda.anaconda.org/conda-forge/noarch/sphinx-4.3.1-pyh6c4a22f_0.tar.bz2#74d14a40bf09d1d8d788a8433f04e0d8
https://conda.anaconda.org/conda-forge/noarch/sphinx-autodoc-typehints-1.12.0-pyhd8ed1ab_0.tar.bz2#2c5fe910a7f04e1fcd2cab84628e4a32
https://conda.anaconda.org/conda-forge/noarch/sphinx-copybutton-0.4.0-pyhd8ed1ab_0.tar.bz2#80fd2cc25ad45911b4e42d5b91593e2f
https://conda.anaconda.org/conda-forge/noarch/sphinx-inline-tabs-2021.8.17b10-pyhd8ed1ab_0.tar.bz2#1c2e2ed4296a795f115ceb07d7cd101f
https://conda.anaconda.org/conda-forge/noarch/sphinxcontrib-serializinghtml-1.1.5-pyhd8ed1ab_1.tar.bz2#63d2f874f990fdcab47c822b608d6ade
https://conda.anaconda.org/conda-forge/noarch/furo-2021.10.9-pyhd8ed1ab_0.tar.bz2#6a5b95b2d4d55771e3d12b233ef0f28f
