# platform: win-64
# env_hash: b39630406bba23723e5bd9087c4086b2513f2251c6204e7bcb661ffe0ae5ec52
@EXPLICIT
https://conda.anaconda.org/conda-forge/win-64/ca-certificates-2021.5.30-h5b45459_0.tar.bz2#cfb6380d41af681ad323403f02755a15
https://conda.anaconda.org/conda-forge/win-64/ucrt-10.0.20348.0-h57928b3_0.tar.bz2#6d666b6ea8251231ff508062d1e41f9c
https://conda.anaconda.org/conda-forge/win-64/vs2015_runtime-14.29.30037-h902a5da_5.tar.bz2#9d806b41066c34981a5da22bfeffd8e8
https://conda.anaconda.org/conda-forge/win-64/vc-14.2-hb210afc_5.tar.bz2#ee42529d57c3b455d9fec61e912aa2a6
https://conda.anaconda.org/conda-forge/win-64/openssl-1.1.1k-h8ffe710_1.tar.bz2#cc5d56d79c29ffb90b066b410f352ed8
https://conda.anaconda.org/conda-forge/win-64/python-3.6.13-h39d44d4_0_cpython.tar.bz2#3ed96bac26bd1cf7512c1705fba9de2a
https://conda.anaconda.org/conda-forge/win-64/yaml-0.2.5-he774522_0.tar.bz2#d41c34441d8bbb6d141e691ae7bccf35
https://conda.anaconda.org/conda-forge/noarch/alabaster-0.7.12-py_0.tar.bz2#2489a97287f90176ecdc3ca982b4b0a0
https://conda.anaconda.org/conda-forge/noarch/appdirs-1.4.4-pyh9f0ad1d_0.tar.bz2#5f095bc6454094e96f146491fd03633b
https://conda.anaconda.org/conda-forge/noarch/atomicwrites-1.4.0-pyh9f0ad1d_0.tar.bz2#5e36230ffaf3b7bb599424592684ae53
https://conda.anaconda.org/conda-forge/noarch/attrs-21.2.0-pyhd8ed1ab_0.tar.bz2#d2e1c7f388ac403df7079b411c37cc50
https://conda.anaconda.org/conda-forge/noarch/bump2version-1.0.1-pyh9f0ad1d_0.tar.bz2#1b3fd56f54baa99e3c9967caf279f66f
https://conda.anaconda.org/conda-forge/noarch/cachy-0.3.0-py_0.tar.bz2#808c46dc56ae4a796830129aaf1b51ec
https://conda.anaconda.org/conda-forge/noarch/charset-normalizer-2.0.0-pyhd8ed1ab_0.tar.bz2#4a57e24d5b759893615c05926b7b5fb9
https://conda.anaconda.org/conda-forge/noarch/colorama-0.4.4-pyh9f0ad1d_0.tar.bz2#c08b4c1326b880ed44f3ffb04803332f
https://conda.anaconda.org/conda-forge/noarch/crashtest-0.3.0-py_0.tar.bz2#156649e34f14a76113312d5bcab3dd6c
https://conda.anaconda.org/conda-forge/noarch/dataclasses-0.8-pyh787bdff_2.tar.bz2#ed959a4ba14e6ddfa898630a5474a601
https://conda.anaconda.org/conda-forge/noarch/distlib-0.3.2-pyhd8ed1ab_0.tar.bz2#ae8b866c376568b0342ae2c9b68f1e65
https://conda.anaconda.org/conda-forge/noarch/filelock-3.0.12-pyh9f0ad1d_0.tar.bz2#7544ed05bbbe9bb687bc9bcbe4d6cb46
https://conda.anaconda.org/conda-forge/noarch/idna-3.1-pyhd3deb0d_0.tar.bz2#9c9aea4b8391264477df484f798562d0
https://conda.anaconda.org/conda-forge/noarch/imagesize-1.2.0-py_0.tar.bz2#5879bd2c4b399a5072468e5fe587bf1b
https://conda.anaconda.org/conda-forge/noarch/incremental-21.3.0-pyhd8ed1ab_0.tar.bz2#14fd665582bf1c52eeeb629ad9cfe99e
https://conda.anaconda.org/conda-forge/noarch/lockfile-0.12.2-py_1.tar.bz2#c104d98e09c47519950cffb8dd5b4f10
https://conda.anaconda.org/conda-forge/noarch/more-itertools-8.8.0-pyhd8ed1ab_0.tar.bz2#af8d3837f18d331839368bcb9f8cd3d9
https://conda.anaconda.org/conda-forge/noarch/pastel-0.2.0-py_0.tar.bz2#3872ffc75ab52f883e0ffa8fcf1679d8
https://conda.anaconda.org/conda-forge/noarch/pathspec-0.9.0-pyhd8ed1ab_0.tar.bz2#f93dc0ccbc0a8472624165f6e256c7d1
https://conda.anaconda.org/conda-forge/noarch/pkginfo-1.7.1-pyhd8ed1ab_0.tar.bz2#047d027698acbaa862e19f10b7b3755f
https://conda.anaconda.org/conda-forge/noarch/ptyprocess-0.7.0-pyhd3deb0d_0.tar.bz2#359eeb6536da0e687af562ed265ec263
https://conda.anaconda.org/conda-forge/noarch/py-1.10.0-pyhd3deb0d_0.tar.bz2#88ca1328ecc79a070214aa24911bace8
https://conda.anaconda.org/conda-forge/noarch/pycparser-2.20-pyh9f0ad1d_2.tar.bz2#aa798d50ffd182a0f6f31478c7f434f6
https://conda.anaconda.org/conda-forge/noarch/pylev-1.3.0-py_0.tar.bz2#6a37fb29c60572f765366f327006ce49
https://conda.anaconda.org/conda-forge/noarch/pyparsing-2.4.7-pyh9f0ad1d_0.tar.bz2#626c4f20d5bf06dcec9cf2eaa31725c7
https://conda.anaconda.org/conda-forge/win-64/python_abi-3.6-2_cp36m.tar.bz2#7d5091713ab031f827e4d3653b24fb01
https://conda.anaconda.org/conda-forge/noarch/pytz-2021.1-pyhd8ed1ab_0.tar.bz2#3af2e9424d5eb0063824a3f9b850d411
https://conda.anaconda.org/conda-forge/noarch/shellingham-1.4.0-pyh44b312d_0.tar.bz2#437655338696f9d0dfdb0a024e66b255
https://conda.anaconda.org/conda-forge/noarch/six-1.16.0-pyh6c4a22f_0.tar.bz2#e5f25f8dbc060e9a8d912e432202afc2
https://conda.anaconda.org/conda-forge/noarch/snowballstemmer-2.1.0-pyhd8ed1ab_0.tar.bz2#f1d64c0cf0eedf655a96ccdc1573c05a
https://conda.anaconda.org/conda-forge/noarch/soupsieve-2.0.1-py_1.tar.bz2#aa1db70848c19bace567ba39a157f508
https://conda.anaconda.org/conda-forge/noarch/sphinxcontrib-applehelp-1.0.2-py_0.tar.bz2#20b2eaeaeea4ef9a9a0d99770620fd09
https://conda.anaconda.org/conda-forge/noarch/sphinxcontrib-devhelp-1.0.2-py_0.tar.bz2#68e01cac9d38d0e717cd5c87bc3d2cc9
https://conda.anaconda.org/conda-forge/noarch/sphinxcontrib-htmlhelp-2.0.0-pyhd8ed1ab_0.tar.bz2#77dad82eb9c8c1525ff7953e0756d708
https://conda.anaconda.org/conda-forge/noarch/sphinxcontrib-jsmath-1.0.1-py_0.tar.bz2#67cd9d9c0382d37479b4d306c369a2d4
https://conda.anaconda.org/conda-forge/noarch/sphinxcontrib-qthelp-1.0.3-py_0.tar.bz2#d01180388e6d1838c3e1ad029590aa7a
https://conda.anaconda.org/conda-forge/noarch/sphinxcontrib-serializinghtml-1.1.5-pyhd8ed1ab_0.tar.bz2#60e630285f44af05767dcb7f473ee03f
https://conda.anaconda.org/conda-forge/noarch/toml-0.10.2-pyhd8ed1ab_0.tar.bz2#f832c45a477c78bebd107098db465095
https://conda.anaconda.org/conda-forge/noarch/tomli-1.2.1-pyhd8ed1ab_0.tar.bz2#ea475017070fa78c7e988be634e1322c
https://conda.anaconda.org/conda-forge/noarch/typing_extensions-3.10.0.0-pyha770c72_0.tar.bz2#67c0cba6533b641f28946d7c16f361c8
https://conda.anaconda.org/conda-forge/noarch/webencodings-0.5.1-py_1.tar.bz2#3563be4c5611a44210d9ba0c16113136
https://conda.anaconda.org/conda-forge/noarch/zipp-3.5.0-pyhd8ed1ab_0.tar.bz2#f9dd05a5ed6b81c91f097e3739107a74
https://conda.anaconda.org/conda-forge/noarch/babel-2.9.1-pyh44b312d_0.tar.bz2#74136ed39bfea0832d338df1e58d013e
https://conda.anaconda.org/conda-forge/noarch/beautifulsoup4-4.9.3-pyhb0f4dca_0.tar.bz2#d243a293d7303ab6195d96ce8c16b1cb
https://conda.anaconda.org/conda-forge/win-64/certifi-2021.5.30-py36ha15d459_0.tar.bz2#6c14434e8a7ccb194e17c6dc765cd2d7
https://conda.anaconda.org/conda-forge/win-64/cffi-1.14.6-py36he58ceb7_0.tar.bz2#23a1cbe7db8f6bc4597fd2f135c928d8
https://conda.anaconda.org/conda-forge/win-64/chardet-4.0.0-py36ha15d459_1.tar.bz2#307d6efa6c70e6ae22f57d147c1b270f
https://conda.anaconda.org/conda-forge/noarch/clikit-0.6.2-pyh9f0ad1d_0.tar.bz2#159273f717a11e53b2656f8b6521a5e2
https://conda.anaconda.org/conda-forge/win-64/coverage-5.5-py36h68aa20f_0.tar.bz2#87e52f6b279260cab48da45874c4d084
https://conda.anaconda.org/conda-forge/win-64/docutils-0.17.1-py36ha15d459_0.tar.bz2#d222d08c8ba574f3c441ef1c6c3f20c0
https://conda.anaconda.org/conda-forge/noarch/html5lib-1.1-pyh9f0ad1d_0.tar.bz2#b2355343d6315c892543200231d7154a
https://conda.anaconda.org/conda-forge/noarch/importlib-metadata-1.7.0-pyhd8ed1ab_1.tar.bz2#19187069400a0f15d43de319fd56c6f0
https://conda.anaconda.org/conda-forge/noarch/importlib_resources-5.2.2-pyhd8ed1ab_0.tar.bz2#95f347313ca89b90b65ea5265051aea1
https://conda.anaconda.org/conda-forge/noarch/markdown-it-py-1.1.0-pyhd8ed1ab_0.tar.bz2#84e8dfb1a9e6a824f32fd45b867271ca
https://conda.anaconda.org/conda-forge/win-64/markupsafe-2.0.1-py36h68aa20f_0.tar.bz2#f105416cae3d83909a3d3a298a09ccfd
https://conda.anaconda.org/conda-forge/win-64/msgpack-python-1.0.2-py36he95197e_1.tar.bz2#f9f87eb22949b091ae294338aeb22152
https://conda.anaconda.org/conda-forge/win-64/mypy_extensions-0.4.3-py36ha15d459_3.tar.bz2#5f443684aeeb6bf5962f33c47d6fd549
https://conda.anaconda.org/conda-forge/noarch/packaging-20.9-pyh44b312d_0.tar.bz2#be69a38e912054a62dc82cc3c7711a64
https://conda.anaconda.org/conda-forge/noarch/pexpect-4.8.0-pyh9f0ad1d_2.tar.bz2#5909e7b978141dd80d28dbf9de627827
https://conda.anaconda.org/conda-forge/win-64/pyrsistent-0.14.11-py36h68aa20f_2.tar.bz2#14a09c056ebd0234ff88429d8fc6eab0
https://conda.anaconda.org/conda-forge/win-64/pywin32-ctypes-0.2.0-py36ha15d459_1003.tar.bz2#1a5b710db1e1a6b3b4273ecc79cf07bb
https://conda.anaconda.org/conda-forge/win-64/pyyaml-5.4.1-py36h68aa20f_1.tar.bz2#ae5f3a0e11f0fa420eaa1b9c45b8971f
https://conda.anaconda.org/conda-forge/win-64/regex-2021.8.3-py36h68aa20f_0.tar.bz2#d5cd9c573e7ccfac06d4c4e65b4c06b6
https://conda.anaconda.org/conda-forge/win-64/setuptools-57.4.0-py36ha15d459_0.tar.bz2#e647e70b95b48616ba8eabc377c2d936
https://conda.anaconda.org/conda-forge/win-64/tomlkit-0.7.2-py36ha15d459_0.tar.bz2#0c7b29cd8e68916bf832809b1d722325
https://conda.anaconda.org/conda-forge/win-64/typed-ast-1.4.3-py36h68aa20f_0.tar.bz2#690400fcd5b82a020fe4c48d4de4a35f
https://conda.anaconda.org/conda-forge/win-64/win_inet_pton-1.1.0-py36ha15d459_2.tar.bz2#013b3e30f04cabc8367a576cf6b53251
https://conda.anaconda.org/conda-forge/win-64/brotlipy-0.7.0-py36h68aa20f_1001.tar.bz2#e45c36a9ada27b0646a99e38e604cb11
https://conda.anaconda.org/conda-forge/noarch/cleo-0.8.1-pyh9f0ad1d_1.tar.bz2#c9318a39f6f0b5ea562ea26bd16c6c35
https://conda.anaconda.org/conda-forge/win-64/click-8.0.1-py36ha15d459_0.tar.bz2#7e8118398369a908aa80ba7814a977d8
https://conda.anaconda.org/conda-forge/win-64/cryptography-3.4.7-py36hd0de82c_0.tar.bz2#27aeedeef6762570a0010c6c805b53fe
https://conda.anaconda.org/conda-forge/noarch/importlib_metadata-1.7.0-hd8ed1ab_1.tar.bz2#8f68ed6ab2dbae9dd1558b71ec62201d
https://conda.anaconda.org/conda-forge/noarch/isort-5.9.3-pyhd8ed1ab_0.tar.bz2#1d4edd3ed982e6c03ae1788dfb87d907
https://conda.anaconda.org/conda-forge/noarch/jinja2-3.0.1-pyhd8ed1ab_0.tar.bz2#c647e77921fd3e245cdcc5b2d451a0f8
https://conda.anaconda.org/conda-forge/noarch/jsonschema-3.2.0-pyhd8ed1ab_3.tar.bz2#66125e28711d8ffc04a207a2b170316d
https://conda.anaconda.org/conda-forge/win-64/keyring-21.2.1-py36ha15d459_0.tar.bz2#0ab6cfa4ab9b8b0f339bc78166916af3
https://conda.anaconda.org/conda-forge/noarch/mdit-py-plugins-0.2.8-pyhd8ed1ab_0.tar.bz2#49236fcd746a124eb56d326f79e1d46d
https://conda.anaconda.org/conda-forge/noarch/pygments-2.10.0-pyhd8ed1ab_0.tar.bz2#32bcce837f1316f1c3208118b6c5e5fc
https://conda.anaconda.org/conda-forge/win-64/pysocks-1.7.1-py36ha15d459_3.tar.bz2#9206317afc2ceb52594ed54af1cd5dd0
https://conda.anaconda.org/conda-forge/win-64/virtualenv-20.4.7-py36ha15d459_0.tar.bz2#c80e7d5b49a6955a44e1d829c48e8942
https://conda.anaconda.org/conda-forge/noarch/black-21.7b0-pyhd8ed1ab_0.tar.bz2#48f2030aa3fcd4652046d49f354085b7
https://conda.anaconda.org/conda-forge/noarch/click-default-group-1.2.2-pyhd8ed1ab_1.tar.bz2#72a46ffc25701c173932fd55cf0965d3
https://conda.anaconda.org/conda-forge/noarch/pint-0.17-pyhd8ed1ab_0.tar.bz2#7a334c0cd901ae380ab30285ad2a4b8a
https://conda.anaconda.org/conda-forge/win-64/pluggy-0.13.1-py36ha15d459_4.tar.bz2#d7271328700290b5c56739ff23082d93
https://conda.anaconda.org/conda-forge/noarch/poetry-core-1.0.3-pyhd8ed1ab_0.tar.bz2#d3bc038d1c1297c52ffc6bd9e1bfd0e0
https://conda.anaconda.org/conda-forge/noarch/pyopenssl-20.0.1-pyhd8ed1ab_0.tar.bz2#92371c25994d0f5d28a01c1fb75ebf86
https://conda.anaconda.org/conda-forge/win-64/pytest-3.10.1-py36_1000.tar.bz2#03d4e216dff02d3ad70a6ee92a1e7137
https://conda.anaconda.org/conda-forge/noarch/towncrier-21.3.0-pyhd8ed1ab_0.tar.bz2#5bb5580558f5b4b8c0f46c0eb03da7f0
https://conda.anaconda.org/conda-forge/noarch/urllib3-1.26.6-pyhd8ed1ab_0.tar.bz2#dea5b6d93cfbfbc2a253168ad05b3f89
https://conda.anaconda.org/conda-forge/win-64/pytest-cov-2.5.1-py36_0.tar.bz2#04ebda2c15582a5f3052b1125fbf6b94
https://conda.anaconda.org/conda-forge/noarch/requests-2.26.0-pyhd8ed1ab_0.tar.bz2#0ed2ccbde6db9dd5789068eb7194463f
https://conda.anaconda.org/conda-forge/noarch/cachecontrol-0.12.6-py_0.tar.bz2#f847758d76d4d532caedadcd2180cab6
https://conda.anaconda.org/conda-forge/noarch/codecov-2.1.11-pyhd3deb0d_0.tar.bz2#9c661c2c14b4667827218402e6624ad5
https://conda.anaconda.org/conda-forge/noarch/ensureconda-1.4.1-pyhd8ed1ab_0.tar.bz2#52a7f7cc9076e2c8a25e15e19ad42821
https://conda.anaconda.org/conda-forge/noarch/requests-toolbelt-0.9.1-py_0.tar.bz2#402668adee8fcba9a9c265cdc2a88f5a
https://conda.anaconda.org/conda-forge/noarch/sphinx-4.1.2-pyh6c4a22f_1.tar.bz2#b80d092c478bfc93589f9e338e78b8d2
https://conda.anaconda.org/conda-forge/noarch/conda-lock-0.11.1-pyhd8ed1ab_0.tar.bz2#5588b5d7e5ed39305bb484ec12801aed
https://conda.anaconda.org/conda-forge/noarch/myst-parser-0.15.1-pyhd8ed1ab_0.tar.bz2#78e5b86c7b844536ef8aaf33c777473b
https://conda.anaconda.org/conda-forge/win-64/poetry-1.1.7-py36ha15d459_0.tar.bz2#9e1ab706a305222fe178e93c89092fe9
https://conda.anaconda.org/conda-forge/noarch/sphinx-autodoc-typehints-1.12.0-pyhd8ed1ab_0.tar.bz2#2c5fe910a7f04e1fcd2cab84628e4a32
https://conda.anaconda.org/conda-forge/noarch/sphinx-copybutton-0.4.0-pyhd8ed1ab_0.tar.bz2#80fd2cc25ad45911b4e42d5b91593e2f
https://conda.anaconda.org/conda-forge/noarch/sphinx-inline-tabs-2021.8.17b10-pyhd8ed1ab_0.tar.bz2#1c2e2ed4296a795f115ceb07d7cd101f
https://conda.anaconda.org/conda-forge/noarch/furo-2021.8.17b43-pyhd8ed1ab_0.tar.bz2#dd9e40fd1772b818544a25b747ea2503
