# Generated by conda-lock.
# platform: osx-64
# env_hash: a43af77e9ef2548693fd6e0387b390d6df7c34407d79e58366c5b83a17cbb2ee
@EXPLICIT
https://conda.anaconda.org/conda-forge/osx-64/ca-certificates-2021.5.30-h033912b_0.tar.bz2#2377a0c58b5ffe92d70b7bdcd833e8ff
https://conda.anaconda.org/conda-forge/osx-64/libcxx-12.0.1-habf9029_0.tar.bz2#49c188a7f9c7c9ddabafc80cc5625bb7
https://conda.anaconda.org/conda-forge/osx-64/ncurses-6.2-h2e338ed_4.tar.bz2#9cef1910395d1543527583e73dba30f1
https://conda.anaconda.org/conda-forge/osx-64/xz-5.2.5-haf1e3a3_1.tar.bz2#41116deb499e9bc58048c297d6403ce6
https://conda.anaconda.org/conda-forge/osx-64/yaml-0.2.5-haf1e3a3_0.tar.bz2#84c2fc186995c25a43e86ed708065572
https://conda.anaconda.org/conda-forge/osx-64/zlib-1.2.11-h7795811_1010.tar.bz2#7d39e47e16ed0107f37c7224d5b5be8b
https://conda.anaconda.org/conda-forge/osx-64/libffi-3.3-h046ec9c_2.tar.bz2#c7a196accaf92d40985d5c9b4d14f9cb
https://conda.anaconda.org/conda-forge/osx-64/openssl-1.1.1l-h0d85af4_0.tar.bz2#f7bcdbb7a5dae97030eee20b884b1f8a
https://conda.anaconda.org/conda-forge/osx-64/readline-8.1-h05e3726_0.tar.bz2#2832e9b6a7caa7cb192fcda6cfcd8871
https://conda.anaconda.org/conda-forge/osx-64/tk-8.6.11-h5dbffcc_1.tar.bz2#e35b11155bd70facee39dfdec7368ad0
https://conda.anaconda.org/conda-forge/osx-64/sqlite-3.36.0-h23a322b_1.tar.bz2#abfc493974140cc18f049edc10c1d896
https://conda.anaconda.org/conda-forge/osx-64/python-3.6.13-h7728216_0_cpython.tar.bz2#607359d4e340d0f87f0fb13d18008967
https://conda.anaconda.org/conda-forge/noarch/alabaster-0.7.12-py_0.tar.bz2#2489a97287f90176ecdc3ca982b4b0a0
https://conda.anaconda.org/conda-forge/noarch/appdirs-1.4.4-pyh9f0ad1d_0.tar.bz2#5f095bc6454094e96f146491fd03633b
https://conda.anaconda.org/conda-forge/noarch/atomicwrites-1.4.0-pyh9f0ad1d_0.tar.bz2#5e36230ffaf3b7bb599424592684ae53
https://conda.anaconda.org/conda-forge/noarch/attrs-21.2.0-pyhd8ed1ab_0.tar.bz2#d2e1c7f388ac403df7079b411c37cc50
https://conda.anaconda.org/conda-forge/noarch/bump2version-1.0.1-pyh9f0ad1d_0.tar.bz2#1b3fd56f54baa99e3c9967caf279f66f
https://conda.anaconda.org/conda-forge/noarch/cachy-0.3.0-py_0.tar.bz2#808c46dc56ae4a796830129aaf1b51ec
https://conda.anaconda.org/conda-forge/noarch/charset-normalizer-2.0.0-pyhd8ed1ab_0.tar.bz2#4a57e24d5b759893615c05926b7b5fb9
https://conda.anaconda.org/conda-forge/noarch/colorama-0.4.4-pyh9f0ad1d_0.tar.bz2#c08b4c1326b880ed44f3ffb04803332f
https://conda.anaconda.org/conda-forge/noarch/crashtest-0.3.0-py_0.tar.bz2#156649e34f14a76113312d5bcab3dd6c
https://conda.anaconda.org/conda-forge/noarch/dataclasses-0.8-pyh787bdff_2.tar.bz2#ed959a4ba14e6ddfa898630a5474a601
https://conda.anaconda.org/conda-forge/noarch/distlib-0.3.2-pyhd8ed1ab_0.tar.bz2#ae8b866c376568b0342ae2c9b68f1e65
https://conda.anaconda.org/conda-forge/noarch/filelock-3.0.12-pyh9f0ad1d_0.tar.bz2#7544ed05bbbe9bb687bc9bcbe4d6cb46
https://conda.anaconda.org/conda-forge/noarch/idna-3.1-pyhd3deb0d_0.tar.bz2#9c9aea4b8391264477df484f798562d0
https://conda.anaconda.org/conda-forge/noarch/imagesize-1.2.0-py_0.tar.bz2#5879bd2c4b399a5072468e5fe587bf1b
https://conda.anaconda.org/conda-forge/noarch/incremental-21.3.0-pyhd8ed1ab_0.tar.bz2#14fd665582bf1c52eeeb629ad9cfe99e
https://conda.anaconda.org/conda-forge/noarch/lockfile-0.12.2-py_1.tar.bz2#c104d98e09c47519950cffb8dd5b4f10
https://conda.anaconda.org/conda-forge/noarch/more-itertools-8.9.0-pyhd8ed1ab_0.tar.bz2#09e6201ccefc9b7fdecea959ac4a6f4f
https://conda.anaconda.org/conda-forge/noarch/pastel-0.2.0-py_0.tar.bz2#3872ffc75ab52f883e0ffa8fcf1679d8
https://conda.anaconda.org/conda-forge/noarch/pathspec-0.9.0-pyhd8ed1ab_0.tar.bz2#f93dc0ccbc0a8472624165f6e256c7d1
https://conda.anaconda.org/conda-forge/noarch/pkginfo-1.7.1-pyhd8ed1ab_0.tar.bz2#047d027698acbaa862e19f10b7b3755f
https://conda.anaconda.org/conda-forge/noarch/platformdirs-2.3.0-pyhd8ed1ab_0.tar.bz2#7bc119135be2a43e1701432399d8c28a
https://conda.anaconda.org/conda-forge/noarch/ptyprocess-0.7.0-pyhd3deb0d_0.tar.bz2#359eeb6536da0e687af562ed265ec263
https://conda.anaconda.org/conda-forge/noarch/py-1.10.0-pyhd3deb0d_0.tar.bz2#88ca1328ecc79a070214aa24911bace8
https://conda.anaconda.org/conda-forge/noarch/pycparser-2.20-pyh9f0ad1d_2.tar.bz2#aa798d50ffd182a0f6f31478c7f434f6
https://conda.anaconda.org/conda-forge/noarch/pylev-1.3.0-py_0.tar.bz2#6a37fb29c60572f765366f327006ce49
https://conda.anaconda.org/conda-forge/noarch/pyparsing-2.4.7-pyh9f0ad1d_0.tar.bz2#626c4f20d5bf06dcec9cf2eaa31725c7
https://conda.anaconda.org/conda-forge/osx-64/python_abi-3.6-2_cp36m.tar.bz2#8bda098622b6c1548318108301221303
https://conda.anaconda.org/conda-forge/noarch/pytz-2021.1-pyhd8ed1ab_0.tar.bz2#3af2e9424d5eb0063824a3f9b850d411
https://conda.anaconda.org/conda-forge/noarch/shellingham-1.4.0-pyh44b312d_0.tar.bz2#437655338696f9d0dfdb0a024e66b255
https://conda.anaconda.org/conda-forge/noarch/six-1.16.0-pyh6c4a22f_0.tar.bz2#e5f25f8dbc060e9a8d912e432202afc2
https://conda.anaconda.org/conda-forge/noarch/snowballstemmer-2.1.0-pyhd8ed1ab_0.tar.bz2#f1d64c0cf0eedf655a96ccdc1573c05a
https://conda.anaconda.org/conda-forge/noarch/soupsieve-2.0.1-py_1.tar.bz2#aa1db70848c19bace567ba39a157f508
https://conda.anaconda.org/conda-forge/noarch/sphinxcontrib-applehelp-1.0.2-py_0.tar.bz2#20b2eaeaeea4ef9a9a0d99770620fd09
https://conda.anaconda.org/conda-forge/noarch/sphinxcontrib-devhelp-1.0.2-py_0.tar.bz2#68e01cac9d38d0e717cd5c87bc3d2cc9
https://conda.anaconda.org/conda-forge/noarch/sphinxcontrib-htmlhelp-2.0.0-pyhd8ed1ab_0.tar.bz2#77dad82eb9c8c1525ff7953e0756d708
https://conda.anaconda.org/conda-forge/noarch/sphinxcontrib-jsmath-1.0.1-py_0.tar.bz2#67cd9d9c0382d37479b4d306c369a2d4
https://conda.anaconda.org/conda-forge/noarch/sphinxcontrib-qthelp-1.0.3-py_0.tar.bz2#d01180388e6d1838c3e1ad029590aa7a
https://conda.anaconda.org/conda-forge/noarch/sphinxcontrib-serializinghtml-1.1.5-pyhd8ed1ab_0.tar.bz2#60e630285f44af05767dcb7f473ee03f
https://conda.anaconda.org/conda-forge/noarch/toml-0.10.2-pyhd8ed1ab_0.tar.bz2#f832c45a477c78bebd107098db465095
https://conda.anaconda.org/conda-forge/noarch/tomli-1.2.1-pyhd8ed1ab_0.tar.bz2#ea475017070fa78c7e988be634e1322c
https://conda.anaconda.org/conda-forge/noarch/typing_extensions-3.10.0.0-pyha770c72_0.tar.bz2#67c0cba6533b641f28946d7c16f361c8
https://conda.anaconda.org/conda-forge/noarch/webencodings-0.5.1-py_1.tar.bz2#3563be4c5611a44210d9ba0c16113136
https://conda.anaconda.org/conda-forge/noarch/zipp-3.5.0-pyhd8ed1ab_0.tar.bz2#f9dd05a5ed6b81c91f097e3739107a74
https://conda.anaconda.org/conda-forge/noarch/babel-2.9.1-pyh44b312d_0.tar.bz2#74136ed39bfea0832d338df1e58d013e
https://conda.anaconda.org/conda-forge/noarch/beautifulsoup4-4.10.0-pyha770c72_0.tar.bz2#c29e0b4a2ff546cedbe6dc2921948a1d
https://conda.anaconda.org/conda-forge/osx-64/certifi-2021.5.30-py36h79c6626_0.tar.bz2#58fe138d3ee47fc36b7682e3f7192d9b
https://conda.anaconda.org/conda-forge/osx-64/cffi-1.14.6-py36h66709a0_0.tar.bz2#9db88fade4f5f69b0c503454f3637e7d
https://conda.anaconda.org/conda-forge/osx-64/chardet-4.0.0-py36h79c6626_1.tar.bz2#9d108a47b52b3a9960e95ee4cb4d7bd6
https://conda.anaconda.org/conda-forge/noarch/clikit-0.6.2-pyh9f0ad1d_0.tar.bz2#159273f717a11e53b2656f8b6521a5e2
https://conda.anaconda.org/conda-forge/osx-64/coverage-5.5-py36hfa26744_0.tar.bz2#f986d7ed82fdf3383b81d6007d3780e9
https://conda.anaconda.org/conda-forge/osx-64/docutils-0.17.1-py36h79c6626_0.tar.bz2#b171d7dbbf0bb891755e717ddff9f4ce
https://conda.anaconda.org/conda-forge/noarch/html5lib-1.1-pyh9f0ad1d_0.tar.bz2#b2355343d6315c892543200231d7154a
https://conda.anaconda.org/conda-forge/noarch/importlib-metadata-1.7.0-pyhd8ed1ab_1.tar.bz2#19187069400a0f15d43de319fd56c6f0
https://conda.anaconda.org/conda-forge/noarch/importlib_resources-5.2.2-pyhd8ed1ab_0.tar.bz2#95f347313ca89b90b65ea5265051aea1
https://conda.anaconda.org/conda-forge/noarch/markdown-it-py-1.1.0-pyhd8ed1ab_0.tar.bz2#84e8dfb1a9e6a824f32fd45b867271ca
https://conda.anaconda.org/conda-forge/osx-64/markupsafe-2.0.1-py36hfa26744_0.tar.bz2#95d86ff338d078e46e38e30b930a559d
https://conda.anaconda.org/conda-forge/osx-64/msgpack-python-1.0.2-py36hc61eee1_1.tar.bz2#f83686a499655431074123ca49fbceec
https://conda.anaconda.org/conda-forge/osx-64/mypy_extensions-0.4.3-py36h79c6626_3.tar.bz2#19738508f85a27121a90b081563c8d8a
https://conda.anaconda.org/conda-forge/noarch/packaging-20.9-pyh44b312d_0.tar.bz2#be69a38e912054a62dc82cc3c7711a64
https://conda.anaconda.org/conda-forge/noarch/pexpect-4.8.0-pyh9f0ad1d_2.tar.bz2#5909e7b978141dd80d28dbf9de627827
https://conda.anaconda.org/conda-forge/osx-64/pyrsistent-0.14.11-py36h20b66c6_2.tar.bz2#b36ece7c593e6a2bee2d8f148e16fe49
https://conda.anaconda.org/conda-forge/osx-64/pysocks-1.7.1-py36h79c6626_3.tar.bz2#82c5d8e513559c97364e1c0e676cf83a
https://conda.anaconda.org/conda-forge/osx-64/pyyaml-5.4.1-py36hfa26744_1.tar.bz2#3f70512ecc8ca64108b38a8a526aab09
https://conda.anaconda.org/conda-forge/osx-64/regex-2021.8.28-py36hfa26744_0.tar.bz2#130c7076e7c065add402fe279299a937
https://conda.anaconda.org/conda-forge/osx-64/setuptools-58.0.4-py36h79c6626_0.tar.bz2#fe0054b93319e16ad64bab24723536e1
https://conda.anaconda.org/conda-forge/osx-64/tomlkit-0.7.2-py36h79c6626_0.tar.bz2#b35532b3bef8935af88c1e2921df403e
https://conda.anaconda.org/conda-forge/osx-64/typed-ast-1.4.3-py36hfa26744_0.tar.bz2#9a2b1301699252debcfea68c99f592d1
https://conda.anaconda.org/conda-forge/osx-64/brotlipy-0.7.0-py36hfa26744_1001.tar.bz2#2978ae88b8e9ba587d0c335d0320f18d
https://conda.anaconda.org/conda-forge/noarch/cleo-0.8.1-pyh9f0ad1d_1.tar.bz2#c9318a39f6f0b5ea562ea26bd16c6c35
https://conda.anaconda.org/conda-forge/osx-64/click-8.0.1-py36h79c6626_0.tar.bz2#cfbd3e8143cfe410f5ee1a3ab39dc497
https://conda.anaconda.org/conda-forge/osx-64/cryptography-3.4.7-py36h3d45be8_0.tar.bz2#c72755e397cb277a5c1eada87bf4bb75
https://conda.anaconda.org/conda-forge/noarch/importlib_metadata-1.7.0-hd8ed1ab_1.tar.bz2#8f68ed6ab2dbae9dd1558b71ec62201d
https://conda.anaconda.org/conda-forge/noarch/isort-5.9.3-pyhd8ed1ab_0.tar.bz2#1d4edd3ed982e6c03ae1788dfb87d907
https://conda.anaconda.org/conda-forge/noarch/jinja2-3.0.1-pyhd8ed1ab_0.tar.bz2#c647e77921fd3e245cdcc5b2d451a0f8
https://conda.anaconda.org/conda-forge/noarch/jsonschema-3.2.0-pyhd8ed1ab_3.tar.bz2#66125e28711d8ffc04a207a2b170316d
https://conda.anaconda.org/conda-forge/osx-64/keyring-21.2.1-py36h79c6626_0.tar.bz2#4b9470a296a57f9a22e8f3bfc5feffea
https://conda.anaconda.org/conda-forge/noarch/mdit-py-plugins-0.2.8-pyhd8ed1ab_0.tar.bz2#49236fcd746a124eb56d326f79e1d46d
https://conda.anaconda.org/conda-forge/noarch/pygments-2.10.0-pyhd8ed1ab_0.tar.bz2#32bcce837f1316f1c3208118b6c5e5fc
https://conda.anaconda.org/conda-forge/osx-64/virtualenv-20.4.7-py36h79c6626_0.tar.bz2#a055feab3eb650ae92d902fe77167082
https://conda.anaconda.org/conda-forge/noarch/black-21.8b0-pyhd8ed1ab_0.tar.bz2#1e618e6228fc2c15ac2f3f68bd79657d
https://conda.anaconda.org/conda-forge/noarch/click-default-group-1.2.2-pyhd8ed1ab_1.tar.bz2#72a46ffc25701c173932fd55cf0965d3
https://conda.anaconda.org/conda-forge/noarch/pint-0.17-pyhd8ed1ab_1.tar.bz2#ea75a28aded8a60ce033b770befc8aff
https://conda.anaconda.org/conda-forge/osx-64/pluggy-1.0.0-py36h79c6626_1.tar.bz2#bd02cd24c8cb89da02e4e4e404159328
https://conda.anaconda.org/conda-forge/noarch/poetry-core-1.0.4-pyhd8ed1ab_0.tar.bz2#2c16d8c9473753cfb1cf56bcb57da016
https://conda.anaconda.org/conda-forge/noarch/pyopenssl-20.0.1-pyhd8ed1ab_0.tar.bz2#92371c25994d0f5d28a01c1fb75ebf86
https://conda.anaconda.org/conda-forge/osx-64/pytest-3.10.1-py36_1000.tar.bz2#e1ad88b68af0aceef6cf7fa2f54d78f1
https://conda.anaconda.org/conda-forge/noarch/towncrier-21.3.0-pyhd8ed1ab_0.tar.bz2#5bb5580558f5b4b8c0f46c0eb03da7f0
https://conda.anaconda.org/conda-forge/noarch/urllib3-1.26.6-pyhd8ed1ab_0.tar.bz2#dea5b6d93cfbfbc2a253168ad05b3f89
https://conda.anaconda.org/conda-forge/osx-64/pytest-cov-2.5.1-py36_0.tar.bz2#08f1aea88e2617227e948c0b48ce1664
https://conda.anaconda.org/conda-forge/noarch/requests-2.26.0-pyhd8ed1ab_0.tar.bz2#0ed2ccbde6db9dd5789068eb7194463f
https://conda.anaconda.org/conda-forge/noarch/cachecontrol-0.12.6-py_0.tar.bz2#f847758d76d4d532caedadcd2180cab6
https://conda.anaconda.org/conda-forge/noarch/codecov-2.1.11-pyhd3deb0d_0.tar.bz2#9c661c2c14b4667827218402e6624ad5
https://conda.anaconda.org/conda-forge/noarch/ensureconda-1.4.1-pyhd8ed1ab_0.tar.bz2#52a7f7cc9076e2c8a25e15e19ad42821
https://conda.anaconda.org/conda-forge/noarch/requests-toolbelt-0.9.1-py_0.tar.bz2#402668adee8fcba9a9c265cdc2a88f5a
https://conda.anaconda.org/conda-forge/noarch/sphinx-4.2.0-pyh6c4a22f_0.tar.bz2#ea5c6881a11a0d9c4d04f1ebae87bb34
https://conda.anaconda.org/conda-forge/noarch/conda-lock-0.11.3-pyhd8ed1ab_0.tar.bz2#e4a5a845ea23034ae58b0f53ff2edd38
https://conda.anaconda.org/conda-forge/noarch/myst-parser-0.15.2-pyhd8ed1ab_0.tar.bz2#0c2976e0a1af80ce224388da557eeece
https://conda.anaconda.org/conda-forge/osx-64/poetry-1.1.8-py36h79c6626_0.tar.bz2#1c082400da163e95f9bf8552f7e6cfde
https://conda.anaconda.org/conda-forge/noarch/sphinx-autodoc-typehints-1.12.0-pyhd8ed1ab_0.tar.bz2#2c5fe910a7f04e1fcd2cab84628e4a32
https://conda.anaconda.org/conda-forge/noarch/sphinx-copybutton-0.4.0-pyhd8ed1ab_0.tar.bz2#80fd2cc25ad45911b4e42d5b91593e2f
https://conda.anaconda.org/conda-forge/noarch/sphinx-inline-tabs-2021.8.17b10-pyhd8ed1ab_0.tar.bz2#1c2e2ed4296a795f115ceb07d7cd101f
https://conda.anaconda.org/conda-forge/noarch/furo-2021.9.8-pyhd8ed1ab_0.tar.bz2#2bc584f34d14bde4ff879cd1a16b3f01
